
Microsoft Visual Studio Solution File, Format Version 12.00
# Visual Studio Version 17
VisualStudioVersion = 17.0.32014.148
MinimumVisualStudioVersion = 10.0.40219.1
Project("{9092AA53-FB77-4645-B42D-1CCCA6BD08BD}") = "librus-to-apple-calendar", "librus-to-apple-calendar.njsproj", "{C0DF38C9-6C62-4183-A64A-2EFE6822C48D}"
EndProject
Global
	GlobalSection(SolutionConfigurationPlatforms) = preSolution
		Debug|Any CPU = Debug|Any CPU
		Release|Any CPU = Release|Any CPU
	EndGlobalSection
	GlobalSection(ProjectConfigurationPlatforms) = postSolution
		{C0DF38C9-6C62-4183-A64A-2EFE6822C48D}.Debug|Any CPU.ActiveCfg = Debug|Any CPU
		{C0DF38C9-6C62-4183-A64A-2EFE6822C48D}.Debug|Any CPU.Build.0 = Debug|Any CPU
		{C0DF38C9-6C62-4183-A64A-2EFE6822C48D}.Release|Any CPU.ActiveCfg = Release|Any CPU
		{C0DF38C9-6C62-4183-A64A-2EFE6822C48D}.Release|Any CPU.Build.0 = Release|Any CPU
	EndGlobalSection
	GlobalSection(SolutionProperties) = preSolution
		HideSolutionNode = FALSE
	EndGlobalSection
	GlobalSection(ExtensibilityGlobals) = postSolution
		SolutionGuid = {FAC161C9-E8AA-435A-A3FF-1CB38E516B42}
	EndGlobalSection
EndGlobal
